PODS:
  - Mapbox-iOS-SDK (4.4.1)
  - Tempo-ios-sdk (0.1.0):
    - Mapbox-iOS-SDK

DEPENDENCIES:
  - Mapbox-iOS-SDK (~> 4.4)
  - Tempo-ios-sdk (from `../`)

SPEC REPOS:
  https://github.com/cocoapods/specs.git:
    - Mapbox-iOS-SDK

EXTERNAL SOURCES:
  Tempo-ios-sdk:
    :path: "../"

SPEC CHECKSUMS:
  Mapbox-iOS-SDK: e6a4f236c77f914ca2e19b929c6cc6b077ba1c4c
  Tempo-ios-sdk: ffab101fa764c612b43d093f7cbfb7c040e84119

PODFILE CHECKSUM: d65a9066dae4e8a335a225ed26cb45cd25c8ea3f

COCOAPODS: 1.5.3
